
Microsoft Visual Studio Solution File, Format Version 12.00
# Visual Studio Version 17
VisualStudioVersion = 17.9.34622.214
MinimumVisualStudioVersion = 10.0.40219.1
Project("{FAE04EC0-301F-11D3-BF4B-00C04F79EFBC}") = "Heal", "Heal.csproj", "{2EFB2A02-1D85-4B3E-A340-1C8DDF7A9E56}"
EndProject
Global
	GlobalSection(SolutionConfigurationPlatforms) = preSolution
		Debug|Any CPU = Debug|Any CPU
		Release|Any CPU = Release|Any CPU
	EndGlobalSection
	GlobalSection(ProjectConfigurationPlatforms) = postSolution
		{2EFB2A02-1D85-4B3E-A340-1C8DDF7A9E56}.Debug|Any CPU.ActiveCfg = Debug|Any CPU
		{2EFB2A02-1D85-4B3E-A340-1C8DDF7A9E56}.Debug|Any CPU.Build.0 = Debug|Any CPU
		{2EFB2A02-1D85-4B3E-A340-1C8DDF7A9E56}.Release|Any CPU.ActiveCfg = Release|Any CPU
		{2EFB2A02-1D85-4B3E-A340-1C8DDF7A9E56}.Release|Any CPU.Build.0 = Release|Any CPU
	EndGlobalSection
	GlobalSection(SolutionProperties) = preSolution
		HideSolutionNode = FALSE
	EndGlobalSection
	GlobalSection(ExtensibilityGlobals) = postSolution
		SolutionGuid = {768083A6-EE3B-4DC0-B268-366424088C9B}
	EndGlobalSection
EndGlobal
